
Microsoft Visual Studio Solution File, Format Version 12.00
# Visual Studio Version 17
VisualStudioVersion = 17.6.33723.286
MinimumVisualStudioVersion = 10.0.40219.1
Project("{9A19103F-16F7-4668-BE54-9A1E7A4F7556}") = "BookMyShowAPI", "BookMyShowAPI\BookMyShowAPI.csproj", "{59D9258B-65C8-4165-AE2E-AF9CB3DCD8FC}"
EndProject
Project("{9A19103F-16F7-4668-BE54-9A1E7A4F7556}") = "Data", "Data\Data.csproj", "{F1F84E9A-9B8C-46F8-B7E9-5BC634780E53}"
EndProject
Project("{FAE04EC0-301F-11D3-BF4B-00C04F79EFBC}") = "Service", "Service\Service.csproj", "{82D447C4-1A90-491F-8436-69CACA5BABE2}"
EndProject
Project("{FAE04EC0-301F-11D3-BF4B-00C04F79EFBC}") = "DomainModels", "Repository\DomainModels.csproj", "{3015C8E1-E4CB-4790-85F0-5A80F087D4D5}"
EndProject
Global
	GlobalSection(SolutionConfigurationPlatforms) = preSolution
		Debug|Any CPU = Debug|Any CPU
		Release|Any CPU = Release|Any CPU
	EndGlobalSection
	GlobalSection(ProjectConfigurationPlatforms) = postSolution
		{59D9258B-65C8-4165-AE2E-AF9CB3DCD8FC}.Debug|Any CPU.ActiveCfg = Debug|Any CPU
		{59D9258B-65C8-4165-AE2E-AF9CB3DCD8FC}.Debug|Any CPU.Build.0 = Debug|Any CPU
		{59D9258B-65C8-4165-AE2E-AF9CB3DCD8FC}.Release|Any CPU.ActiveCfg = Release|Any CPU
		{59D9258B-65C8-4165-AE2E-AF9CB3DCD8FC}.Release|Any CPU.Build.0 = Release|Any CPU
		{F1F84E9A-9B8C-46F8-B7E9-5BC634780E53}.Debug|Any CPU.ActiveCfg = Debug|Any CPU
		{F1F84E9A-9B8C-46F8-B7E9-5BC634780E53}.Debug|Any CPU.Build.0 = Debug|Any CPU
		{F1F84E9A-9B8C-46F8-B7E9-5BC634780E53}.Release|Any CPU.ActiveCfg = Release|Any CPU
		{F1F84E9A-9B8C-46F8-B7E9-5BC634780E53}.Release|Any CPU.Build.0 = Release|Any CPU
		{82D447C4-1A90-491F-8436-69CACA5BABE2}.Debug|Any CPU.ActiveCfg = Debug|Any CPU
		{82D447C4-1A90-491F-8436-69CACA5BABE2}.Debug|Any CPU.Build.0 = Debug|Any CPU
		{82D447C4-1A90-491F-8436-69CACA5BABE2}.Release|Any CPU.ActiveCfg = Release|Any CPU
		{82D447C4-1A90-491F-8436-69CACA5BABE2}.Release|Any CPU.Build.0 = Release|Any CPU
		{3015C8E1-E4CB-4790-85F0-5A80F087D4D5}.Debug|Any CPU.ActiveCfg = Debug|Any CPU
		{3015C8E1-E4CB-4790-85F0-5A80F087D4D5}.Debug|Any CPU.Build.0 = Debug|Any CPU
		{3015C8E1-E4CB-4790-85F0-5A80F087D4D5}.Release|Any CPU.ActiveCfg = Release|Any CPU
		{3015C8E1-E4CB-4790-85F0-5A80F087D4D5}.Release|Any CPU.Build.0 = Release|Any CPU
	EndGlobalSection
	GlobalSection(SolutionProperties) = preSolution
		HideSolutionNode = FALSE
	EndGlobalSection
	GlobalSection(ExtensibilityGlobals) = postSolution
		SolutionGuid = {8264D487-508A-41E5-9FA6-360FA2C1948D}
	EndGlobalSection
EndGlobal
